
Microsoft Visual Studio Solution File, Format Version 12.00
# Visual Studio 2015
Project("{FAE04EC0-301F-11D3-BF4B-00C04F79EFBC}") = "minor", "minor.csproj", "{A8DEAC95-85F5-8A76-B7C0-2CF856428BB3}"
EndProject
Project("{FAE04EC0-301F-11D3-BF4B-00C04F79EFBC}") = "minor.Editor", "minor.Editor.csproj", "{83AD629A-682F-E639-2719-835DA3DC6CF4}"
EndProject
Global
	GlobalSection(SolutionConfigurationPlatforms) = preSolution
		Debug|Any CPU = Debug|Any CPU
		Release|Any CPU = Release|Any CPU
	EndGlobalSection
	GlobalSection(ProjectConfigurationPlatforms) = postSolution
		{A8DEAC95-85F5-8A76-B7C0-2CF856428BB3}.Debug|Any CPU.ActiveCfg = Debug|Any CPU
		{A8DEAC95-85F5-8A76-B7C0-2CF856428BB3}.Debug|Any CPU.Build.0 = Debug|Any CPU
		{A8DEAC95-85F5-8A76-B7C0-2CF856428BB3}.Release|Any CPU.ActiveCfg = Release|Any CPU
		{A8DEAC95-85F5-8A76-B7C0-2CF856428BB3}.Release|Any CPU.Build.0 = Release|Any CPU
		{83AD629A-682F-E639-2719-835DA3DC6CF4}.Debug|Any CPU.ActiveCfg = Debug|Any CPU
		{83AD629A-682F-E639-2719-835DA3DC6CF4}.Debug|Any CPU.Build.0 = Debug|Any CPU
		{83AD629A-682F-E639-2719-835DA3DC6CF4}.Release|Any CPU.ActiveCfg = Release|Any CPU
		{83AD629A-682F-E639-2719-835DA3DC6CF4}.Release|Any CPU.Build.0 = Release|Any CPU
	EndGlobalSection
	GlobalSection(SolutionProperties) = preSolution
		HideSolutionNode = FALSE
	EndGlobalSection
EndGlobal
